
Microsoft Visual Studio Solution File, Format Version 12.00
# Visual Studio Version 17
VisualStudioVersion = 17.0.32112.339
MinimumVisualStudioVersion = 10.0.40219.1
Project("{8BC9CEB8-8B4A-11D0-8D11-00A0C91BC942}") = "c_time", "c_time.vcxproj", "{7FC234BF-1EF0-4B07-8E6F-1DBF20571C9F}"
EndProject
Global
	GlobalSection(SolutionConfigurationPlatforms) = preSolution
		Debug|x64 = Debug|x64
		Debug|x86 = Debug|x86
		Release|x64 = Release|x64
		Release|x86 = Release|x86
	EndGlobalSection
	GlobalSection(ProjectConfigurationPlatforms) = postSolution
		{7FC234BF-1EF0-4B07-8E6F-1DBF20571C9F}.Debug|x64.ActiveCfg = Debug|x64
		{7FC234BF-1EF0-4B07-8E6F-1DBF20571C9F}.Debug|x64.Build.0 = Debug|x64
		{7FC234BF-1EF0-4B07-8E6F-1DBF20571C9F}.Debug|x86.ActiveCfg = Debug|Win32
		{7FC234BF-1EF0-4B07-8E6F-1DBF20571C9F}.Debug|x86.Build.0 = Debug|Win32
		{7FC234BF-1EF0-4B07-8E6F-1DBF20571C9F}.Release|x64.ActiveCfg = Release|x64
		{7FC234BF-1EF0-4B07-8E6F-1DBF20571C9F}.Release|x64.Build.0 = Release|x64
		{7FC234BF-1EF0-4B07-8E6F-1DBF20571C9F}.Release|x86.ActiveCfg = Release|Win32
		{7FC234BF-1EF0-4B07-8E6F-1DBF20571C9F}.Release|x86.Build.0 = Release|Win32
	EndGlobalSection
	GlobalSection(SolutionProperties) = preSolution
		HideSolutionNode = FALSE
	EndGlobalSection
	GlobalSection(ExtensibilityGlobals) = postSolution
		SolutionGuid = {B5B174ED-89AC-4C31-AD8F-1D810D397696}
	EndGlobalSection
EndGlobal
